
Microsoft Visual Studio Solution File, Format Version 12.00
# Visual Studio Version 17
VisualStudioVersion = 17.8.34112.27
MinimumVisualStudioVersion = 10.0.40219.1
Project("{2150E333-8FDC-42A3-9474-1A3956D46DE8}") = "src", "src", "{BB7CBE21-F41B-4906-B631-EAE1BDE7F93C}"
EndProject
Project("{2150E333-8FDC-42A3-9474-1A3956D46DE8}") = "Core", "Core", "{6E13DC63-F276-42D2-8FA9-63B870D260B5}"
EndProject
Project("{2150E333-8FDC-42A3-9474-1A3956D46DE8}") = "API", "API", "{55A0BEF8-1D05-4CB4-8FB8-4F7D6D07511A}"
EndProject
Project("{2150E333-8FDC-42A3-9474-1A3956D46DE8}") = "Infrastructure", "Infrastructure", "{5DF5A5BE-35D3-4A51-8601-5A522F229F90}"
EndProject
Project("{2150E333-8FDC-42A3-9474-1A3956D46DE8}") = "UI", "UI", "{0D6405BC-5FAD-47A7-8338-664174A7EE5E}"
EndProject
Project("{FAE04EC0-301F-11D3-BF4B-00C04F79EFBC}") = "EShop.WebAPI", "src\API\EShop.WebAPI\EShop.WebAPI.csproj", "{A80636D6-805D-44ED-B49E-10ADED03B515}"
EndProject
Project("{FAE04EC0-301F-11D3-BF4B-00C04F79EFBC}") = "EShop.Infrastructure", "src\Infrastructure\EShop.Infrastructure\EShop.Infrastructure.csproj", "{162ED244-9E89-4AE8-9C4D-83CD81CB8022}"
EndProject
Project("{FAE04EC0-301F-11D3-BF4B-00C04F79EFBC}") = "EShop.Persistence", "src\Infrastructure\EShop.Persistence\EShop.Persistence.csproj", "{6735A568-AED4-4B3C-BE4A-4819FA9EB273}"
EndProject
Project("{FAE04EC0-301F-11D3-BF4B-00C04F79EFBC}") = "EShop.Domain", "src\Core\EShop.Domain\EShop.Domain.csproj", "{6EA8A811-B9BB-450B-B45A-30908FB2B6EE}"
EndProject
Project("{FAE04EC0-301F-11D3-BF4B-00C04F79EFBC}") = "EShop.Application", "src\Core\EShop.Application\EShop.Application.csproj", "{0A92B544-D78B-42B4-97AE-6CB246508C93}"
EndProject
Project("{54A90642-561A-4BB1-A94E-469ADEE60C69}") = "EShop.WebUI", "src\UI\EShop.WebUI\EShop.WebUI.esproj", "{F0D3D8A0-7467-434B-A1FC-864A5B11E263}"
EndProject
Global
	GlobalSection(SolutionConfigurationPlatforms) = preSolution
		Debug|Any CPU = Debug|Any CPU
		Release|Any CPU = Release|Any CPU
	EndGlobalSection
	GlobalSection(ProjectConfigurationPlatforms) = postSolution
		{A80636D6-805D-44ED-B49E-10ADED03B515}.Debug|Any CPU.ActiveCfg = Debug|Any CPU
		{A80636D6-805D-44ED-B49E-10ADED03B515}.Debug|Any CPU.Build.0 = Debug|Any CPU
		{A80636D6-805D-44ED-B49E-10ADED03B515}.Release|Any CPU.ActiveCfg = Release|Any CPU
		{A80636D6-805D-44ED-B49E-10ADED03B515}.Release|Any CPU.Build.0 = Release|Any CPU
		{162ED244-9E89-4AE8-9C4D-83CD81CB8022}.Debug|Any CPU.ActiveCfg = Debug|Any CPU
		{162ED244-9E89-4AE8-9C4D-83CD81CB8022}.Debug|Any CPU.Build.0 = Debug|Any CPU
		{162ED244-9E89-4AE8-9C4D-83CD81CB8022}.Release|Any CPU.ActiveCfg = Release|Any CPU
		{162ED244-9E89-4AE8-9C4D-83CD81CB8022}.Release|Any CPU.Build.0 = Release|Any CPU
		{6735A568-AED4-4B3C-BE4A-4819FA9EB273}.Debug|Any CPU.ActiveCfg = Debug|Any CPU
		{6735A568-AED4-4B3C-BE4A-4819FA9EB273}.Debug|Any CPU.Build.0 = Debug|Any CPU
		{6735A568-AED4-4B3C-BE4A-4819FA9EB273}.Release|Any CPU.ActiveCfg = Release|Any CPU
		{6735A568-AED4-4B3C-BE4A-4819FA9EB273}.Release|Any CPU.Build.0 = Release|Any CPU
		{6EA8A811-B9BB-450B-B45A-30908FB2B6EE}.Debug|Any CPU.ActiveCfg = Debug|Any CPU
		{6EA8A811-B9BB-450B-B45A-30908FB2B6EE}.Debug|Any CPU.Build.0 = Debug|Any CPU
		{6EA8A811-B9BB-450B-B45A-30908FB2B6EE}.Release|Any CPU.ActiveCfg = Release|Any CPU
		{6EA8A811-B9BB-450B-B45A-30908FB2B6EE}.Release|Any CPU.Build.0 = Release|Any CPU
		{0A92B544-D78B-42B4-97AE-6CB246508C93}.Debug|Any CPU.ActiveCfg = Debug|Any CPU
		{0A92B544-D78B-42B4-97AE-6CB246508C93}.Debug|Any CPU.Build.0 = Debug|Any CPU
		{0A92B544-D78B-42B4-97AE-6CB246508C93}.Release|Any CPU.ActiveCfg = Release|Any CPU
		{0A92B544-D78B-42B4-97AE-6CB246508C93}.Release|Any CPU.Build.0 = Release|Any CPU
		{F0D3D8A0-7467-434B-A1FC-864A5B11E263}.Debug|Any CPU.ActiveCfg = Debug|Any CPU
		{F0D3D8A0-7467-434B-A1FC-864A5B11E263}.Debug|Any CPU.Build.0 = Debug|Any CPU
		{F0D3D8A0-7467-434B-A1FC-864A5B11E263}.Debug|Any CPU.Deploy.0 = Debug|Any CPU
		{F0D3D8A0-7467-434B-A1FC-864A5B11E263}.Release|Any CPU.ActiveCfg = Release|Any CPU
		{F0D3D8A0-7467-434B-A1FC-864A5B11E263}.Release|Any CPU.Build.0 = Release|Any CPU
		{F0D3D8A0-7467-434B-A1FC-864A5B11E263}.Release|Any CPU.Deploy.0 = Release|Any CPU
	EndGlobalSection
	GlobalSection(SolutionProperties) = preSolution
		HideSolutionNode = FALSE
	EndGlobalSection
	GlobalSection(NestedProjects) = preSolution
		{6E13DC63-F276-42D2-8FA9-63B870D260B5} = {BB7CBE21-F41B-4906-B631-EAE1BDE7F93C}
		{55A0BEF8-1D05-4CB4-8FB8-4F7D6D07511A} = {BB7CBE21-F41B-4906-B631-EAE1BDE7F93C}
		{5DF5A5BE-35D3-4A51-8601-5A522F229F90} = {BB7CBE21-F41B-4906-B631-EAE1BDE7F93C}
		{0D6405BC-5FAD-47A7-8338-664174A7EE5E} = {BB7CBE21-F41B-4906-B631-EAE1BDE7F93C}
		{A80636D6-805D-44ED-B49E-10ADED03B515} = {55A0BEF8-1D05-4CB4-8FB8-4F7D6D07511A}
		{162ED244-9E89-4AE8-9C4D-83CD81CB8022} = {5DF5A5BE-35D3-4A51-8601-5A522F229F90}
		{6735A568-AED4-4B3C-BE4A-4819FA9EB273} = {5DF5A5BE-35D3-4A51-8601-5A522F229F90}
		{6EA8A811-B9BB-450B-B45A-30908FB2B6EE} = {6E13DC63-F276-42D2-8FA9-63B870D260B5}
		{0A92B544-D78B-42B4-97AE-6CB246508C93} = {6E13DC63-F276-42D2-8FA9-63B870D260B5}
		{F0D3D8A0-7467-434B-A1FC-864A5B11E263} = {0D6405BC-5FAD-47A7-8338-664174A7EE5E}
	EndGlobalSection
	GlobalSection(ExtensibilityGlobals) = postSolution
		SolutionGuid = {C125C01F-8FC6-4BAB-A0EF-885605522D50}
	EndGlobalSection
EndGlobal
