
Microsoft Visual Studio Solution File, Format Version 12.00
# Visual Studio Version 17
VisualStudioVersion = 17.8.34112.27
MinimumVisualStudioVersion = 10.0.40219.1
Project("{2150E333-8FDC-42A3-9474-1A3956D46DE8}") = "src", "src", "{BB7CBE21-F41B-4906-B631-EAE1BDE7F93C}"
EndProject
Project("{2150E333-8FDC-42A3-9474-1A3956D46DE8}") = "Core", "Core", "{6E13DC63-F276-42D2-8FA9-63B870D260B5}"
EndProject
Project("{2150E333-8FDC-42A3-9474-1A3956D46DE8}") = "API", "API", "{55A0BEF8-1D05-4CB4-8FB8-4F7D6D07511A}"
EndProject
Project("{2150E333-8FDC-42A3-9474-1A3956D46DE8}") = "Infrastructure", "Infrastructure", "{5DF5A5BE-35D3-4A51-8601-5A522F229F90}"
EndProject
Project("{2150E333-8FDC-42A3-9474-1A3956D46DE8}") = "UI", "UI", "{0D6405BC-5FAD-47A7-8338-664174A7EE5E}"
EndProject
Global
	GlobalSection(SolutionProperties) = preSolution
		HideSolutionNode = FALSE
	EndGlobalSection
	GlobalSection(NestedProjects) = preSolution
		{6E13DC63-F276-42D2-8FA9-63B870D260B5} = {BB7CBE21-F41B-4906-B631-EAE1BDE7F93C}
		{55A0BEF8-1D05-4CB4-8FB8-4F7D6D07511A} = {BB7CBE21-F41B-4906-B631-EAE1BDE7F93C}
		{5DF5A5BE-35D3-4A51-8601-5A522F229F90} = {BB7CBE21-F41B-4906-B631-EAE1BDE7F93C}
		{0D6405BC-5FAD-47A7-8338-664174A7EE5E} = {BB7CBE21-F41B-4906-B631-EAE1BDE7F93C}
	EndGlobalSection
	GlobalSection(ExtensibilityGlobals) = postSolution
		SolutionGuid = {C125C01F-8FC6-4BAB-A0EF-885605522D50}
	EndGlobalSection
EndGlobal
